
Microsoft Visual Studio Solution File, Format Version 12.00
# Visual Studio Version 17
VisualStudioVersion = 17.12.35707.178
MinimumVisualStudioVersion = 10.0.40219.1
Project("{FAE04EC0-301F-11D3-BF4B-00C04F79EFBC}") = "1", "NP_Practice_Modul_05_c_01_1591082205.pdf\1.csproj", "{64D5CE27-758E-4CE7-BD77-1E461691090C}"
EndProject
Project("{FAE04EC0-301F-11D3-BF4B-00C04F79EFBC}") = "2", "2\2.csproj", "{4D247F5B-D8F5-4712-9A2A-ADE5C0EC23FA}"
EndProject
Global
	GlobalSection(SolutionConfigurationPlatforms) = preSolution
		Debug|Any CPU = Debug|Any CPU
		Release|Any CPU = Release|Any CPU
	EndGlobalSection
	GlobalSection(ProjectConfigurationPlatforms) = postSolution
		{64D5CE27-758E-4CE7-BD77-1E461691090C}.Debug|Any CPU.ActiveCfg = Debug|Any CPU
		{64D5CE27-758E-4CE7-BD77-1E461691090C}.Debug|Any CPU.Build.0 = Debug|Any CPU
		{64D5CE27-758E-4CE7-BD77-1E461691090C}.Release|Any CPU.ActiveCfg = Release|Any CPU
		{64D5CE27-758E-4CE7-BD77-1E461691090C}.Release|Any CPU.Build.0 = Release|Any CPU
		{4D247F5B-D8F5-4712-9A2A-ADE5C0EC23FA}.Debug|Any CPU.ActiveCfg = Debug|Any CPU
		{4D247F5B-D8F5-4712-9A2A-ADE5C0EC23FA}.Debug|Any CPU.Build.0 = Debug|Any CPU
		{4D247F5B-D8F5-4712-9A2A-ADE5C0EC23FA}.Release|Any CPU.ActiveCfg = Release|Any CPU
		{4D247F5B-D8F5-4712-9A2A-ADE5C0EC23FA}.Release|Any CPU.Build.0 = Release|Any CPU
	EndGlobalSection
	GlobalSection(SolutionProperties) = preSolution
		HideSolutionNode = FALSE
	EndGlobalSection
EndGlobal
