
Microsoft Visual Studio Solution File, Format Version 12.00
# Visual Studio Version 17
VisualStudioVersion = 17.12.35521.163 d17.12
MinimumVisualStudioVersion = 10.0.40219.1
Project("{FAE04EC0-301F-11D3-BF4B-00C04F79EFBC}") = "WinFormsApp4", "WinFormsApp4.csproj", "{B511AC85-58BE-40C1-A587-E5C22AAE2E52}"
EndProject
Global
	GlobalSection(SolutionConfigurationPlatforms) = preSolution
		Debug|Any CPU = Debug|Any CPU
		Release|Any CPU = Release|Any CPU
	EndGlobalSection
	GlobalSection(ProjectConfigurationPlatforms) = postSolution
		{B511AC85-58BE-40C1-A587-E5C22AAE2E52}.Debug|Any CPU.ActiveCfg = Debug|Any CPU
		{B511AC85-58BE-40C1-A587-E5C22AAE2E52}.Debug|Any CPU.Build.0 = Debug|Any CPU
		{B511AC85-58BE-40C1-A587-E5C22AAE2E52}.Release|Any CPU.ActiveCfg = Release|Any CPU
		{B511AC85-58BE-40C1-A587-E5C22AAE2E52}.Release|Any CPU.Build.0 = Release|Any CPU
	EndGlobalSection
	GlobalSection(SolutionProperties) = preSolution
		HideSolutionNode = FALSE
	EndGlobalSection
EndGlobal
