
Microsoft Visual Studio Solution File, Format Version 12.00
# Visual Studio Version 17
VisualStudioVersion = 17.12.35707.178
MinimumVisualStudioVersion = 10.0.40219.1
Project("{FAE04EC0-301F-11D3-BF4B-00C04F79EFBC}") = "1", "SP_HW_Modul_03_cast__02_1589199815\1.csproj", "{C58B3D5E-4151-42FC-B70E-9DE09EACC462}"
EndProject
Global
	GlobalSection(SolutionConfigurationPlatforms) = preSolution
		Debug|Any CPU = Debug|Any CPU
		Release|Any CPU = Release|Any CPU
	EndGlobalSection
	GlobalSection(ProjectConfigurationPlatforms) = postSolution
		{C58B3D5E-4151-42FC-B70E-9DE09EACC462}.Debug|Any CPU.ActiveCfg = Debug|Any CPU
		{C58B3D5E-4151-42FC-B70E-9DE09EACC462}.Debug|Any CPU.Build.0 = Debug|Any CPU
		{C58B3D5E-4151-42FC-B70E-9DE09EACC462}.Release|Any CPU.ActiveCfg = Release|Any CPU
		{C58B3D5E-4151-42FC-B70E-9DE09EACC462}.Release|Any CPU.Build.0 = Release|Any CPU
	EndGlobalSection
	GlobalSection(SolutionProperties) = preSolution
		HideSolutionNode = FALSE
	EndGlobalSection
EndGlobal
