
Microsoft Visual Studio Solution File, Format Version 12.00
# Visual Studio Version 17
VisualStudioVersion = 17.11.35222.181
MinimumVisualStudioVersion = 10.0.40219.1
Project("{9A19103F-16F7-4668-BE54-9A1E7A4F7556}") = "PART1", "PART1\PART1.csproj", "{84188364-AD01-4A56-A174-EB3714832E7D}"
EndProject
Project("{FAE04EC0-301F-11D3-BF4B-00C04F79EFBC}") = "PART2", "PART2\PART2.csproj", "{58C53A4A-C947-4C9A-9E2A-B4A5647F7E1C}"
EndProject
Global
	GlobalSection(SolutionConfigurationPlatforms) = preSolution
		Debug|Any CPU = Debug|Any CPU
		Release|Any CPU = Release|Any CPU
	EndGlobalSection
	GlobalSection(ProjectConfigurationPlatforms) = postSolution
		{84188364-AD01-4A56-A174-EB3714832E7D}.Debug|Any CPU.ActiveCfg = Debug|Any CPU
		{84188364-AD01-4A56-A174-EB3714832E7D}.Debug|Any CPU.Build.0 = Debug|Any CPU
		{84188364-AD01-4A56-A174-EB3714832E7D}.Release|Any CPU.ActiveCfg = Release|Any CPU
		{84188364-AD01-4A56-A174-EB3714832E7D}.Release|Any CPU.Build.0 = Release|Any CPU
		{58C53A4A-C947-4C9A-9E2A-B4A5647F7E1C}.Debug|Any CPU.ActiveCfg = Debug|Any CPU
		{58C53A4A-C947-4C9A-9E2A-B4A5647F7E1C}.Debug|Any CPU.Build.0 = Debug|Any CPU
		{58C53A4A-C947-4C9A-9E2A-B4A5647F7E1C}.Release|Any CPU.ActiveCfg = Release|Any CPU
		{58C53A4A-C947-4C9A-9E2A-B4A5647F7E1C}.Release|Any CPU.Build.0 = Release|Any CPU
	EndGlobalSection
	GlobalSection(SolutionProperties) = preSolution
		HideSolutionNode = FALSE
	EndGlobalSection
	GlobalSection(ExtensibilityGlobals) = postSolution
		SolutionGuid = {9678A05D-E785-41B4-B2E7-AFD5205876C9}
	EndGlobalSection
EndGlobal
