
Microsoft Visual Studio Solution File, Format Version 12.00
# Visual Studio Version 17
VisualStudioVersion = 17.12.35707.178 d17.12
MinimumVisualStudioVersion = 10.0.40219.1
Project("{FAE04EC0-301F-11D3-BF4B-00C04F79EFBC}") = "1", "1\1.csproj", "{B38B1E14-E084-4B33-9D98-E953DA049414}"
EndProject
Project("{FAE04EC0-301F-11D3-BF4B-00C04F79EFBC}") = "2", "2\2.csproj", "{D38E561E-D82A-4BA4-9B06-1B956FE5F94E}"
EndProject
Global
	GlobalSection(SolutionConfigurationPlatforms) = preSolution
		Debug|Any CPU = Debug|Any CPU
		Release|Any CPU = Release|Any CPU
	EndGlobalSection
	GlobalSection(ProjectConfigurationPlatforms) = postSolution
		{B38B1E14-E084-4B33-9D98-E953DA049414}.Debug|Any CPU.ActiveCfg = Debug|Any CPU
		{B38B1E14-E084-4B33-9D98-E953DA049414}.Debug|Any CPU.Build.0 = Debug|Any CPU
		{B38B1E14-E084-4B33-9D98-E953DA049414}.Release|Any CPU.ActiveCfg = Release|Any CPU
		{B38B1E14-E084-4B33-9D98-E953DA049414}.Release|Any CPU.Build.0 = Release|Any CPU
		{D38E561E-D82A-4BA4-9B06-1B956FE5F94E}.Debug|Any CPU.ActiveCfg = Debug|Any CPU
		{D38E561E-D82A-4BA4-9B06-1B956FE5F94E}.Debug|Any CPU.Build.0 = Debug|Any CPU
		{D38E561E-D82A-4BA4-9B06-1B956FE5F94E}.Release|Any CPU.ActiveCfg = Release|Any CPU
		{D38E561E-D82A-4BA4-9B06-1B956FE5F94E}.Release|Any CPU.Build.0 = Release|Any CPU
	EndGlobalSection
	GlobalSection(SolutionProperties) = preSolution
		HideSolutionNode = FALSE
	EndGlobalSection
EndGlobal
