
Microsoft Visual Studio Solution File, Format Version 12.00
# Visual Studio Version 17
VisualStudioVersion = 17.11.35222.181
MinimumVisualStudioVersion = 10.0.40219.1
Project("{FAE04EC0-301F-11D3-BF4B-00C04F79EFBC}") = "NLPApp", "NLPApp\NLPApp.csproj", "{2827190A-42BC-46A0-9EF7-381EE941378F}"
EndProject
Project("{FAE04EC0-301F-11D3-BF4B-00C04F79EFBC}") = "DupCheck", "DupCheck\DupCheck.csproj", "{7757FB4E-92B1-4BBA-A0A9-6DB466268FD4}"
EndProject
Global
	GlobalSection(SolutionConfigurationPlatforms) = preSolution
		Debug|Any CPU = Debug|Any CPU
		Release|Any CPU = Release|Any CPU
	EndGlobalSection
	GlobalSection(ProjectConfigurationPlatforms) = postSolution
		{2827190A-42BC-46A0-9EF7-381EE941378F}.Debug|Any CPU.ActiveCfg = Debug|Any CPU
		{2827190A-42BC-46A0-9EF7-381EE941378F}.Debug|Any CPU.Build.0 = Debug|Any CPU
		{2827190A-42BC-46A0-9EF7-381EE941378F}.Release|Any CPU.ActiveCfg = Release|Any CPU
		{2827190A-42BC-46A0-9EF7-381EE941378F}.Release|Any CPU.Build.0 = Release|Any CPU
		{7757FB4E-92B1-4BBA-A0A9-6DB466268FD4}.Debug|Any CPU.ActiveCfg = Debug|Any CPU
		{7757FB4E-92B1-4BBA-A0A9-6DB466268FD4}.Debug|Any CPU.Build.0 = Debug|Any CPU
		{7757FB4E-92B1-4BBA-A0A9-6DB466268FD4}.Release|Any CPU.ActiveCfg = Release|Any CPU
		{7757FB4E-92B1-4BBA-A0A9-6DB466268FD4}.Release|Any CPU.Build.0 = Release|Any CPU
	EndGlobalSection
	GlobalSection(SolutionProperties) = preSolution
		HideSolutionNode = FALSE
	EndGlobalSection
	GlobalSection(ExtensibilityGlobals) = postSolution
		SolutionGuid = {7F511D52-B112-4C00-87E4-5B7ED5E1001B}
	EndGlobalSection
EndGlobal
