
Microsoft Visual Studio Solution File, Format Version 12.00
# Visual Studio Version 17
VisualStudioVersion = 17.12.35707.178 d17.12
MinimumVisualStudioVersion = 10.0.40219.1
Project("{FAE04EC0-301F-11D3-BF4B-00C04F79EFBC}") = "1_server", "1\1_server.csproj", "{9C218E1C-1F58-4633-B492-6AE33C3F3342}"
EndProject
Project("{FAE04EC0-301F-11D3-BF4B-00C04F79EFBC}") = "1_client", "1_client\1_client.csproj", "{22BA65F3-CB5C-418D-AB2B-96DFA7058519}"
EndProject
Global
	GlobalSection(SolutionConfigurationPlatforms) = preSolution
		Debug|Any CPU = Debug|Any CPU
		Release|Any CPU = Release|Any CPU
	EndGlobalSection
	GlobalSection(ProjectConfigurationPlatforms) = postSolution
		{9C218E1C-1F58-4633-B492-6AE33C3F3342}.Debug|Any CPU.ActiveCfg = Debug|Any CPU
		{9C218E1C-1F58-4633-B492-6AE33C3F3342}.Debug|Any CPU.Build.0 = Debug|Any CPU
		{9C218E1C-1F58-4633-B492-6AE33C3F3342}.Release|Any CPU.ActiveCfg = Release|Any CPU
		{9C218E1C-1F58-4633-B492-6AE33C3F3342}.Release|Any CPU.Build.0 = Release|Any CPU
		{22BA65F3-CB5C-418D-AB2B-96DFA7058519}.Debug|Any CPU.ActiveCfg = Debug|Any CPU
		{22BA65F3-CB5C-418D-AB2B-96DFA7058519}.Debug|Any CPU.Build.0 = Debug|Any CPU
		{22BA65F3-CB5C-418D-AB2B-96DFA7058519}.Release|Any CPU.ActiveCfg = Release|Any CPU
		{22BA65F3-CB5C-418D-AB2B-96DFA7058519}.Release|Any CPU.Build.0 = Release|Any CPU
	EndGlobalSection
	GlobalSection(SolutionProperties) = preSolution
		HideSolutionNode = FALSE
	EndGlobalSection
EndGlobal
